GIT
  remote: https://github.com/jameskyle/ansible-common
  ref: master
  sha: e96dbb567290524b46c52963a623528c7e1ee863
  specs:
    common (0.0.0)

GIT
  remote: https://github.com/jameskyle/ansible-docker
  ref: master
  sha: 94d5a1b5bf221c9d32f7668c304eb586d005cd65
  specs:
    docker (0.0.0)

GIT
  remote: https://github.com/jameskyle/ansible-gentoo
  ref: master
  sha: 11317a3f8cb365694a4d754990f1bfe820e65dc7
  specs:
    gentoo (0.0.0)

GIT
  remote: https://github.com/jameskyle/ansible-jkyle
  ref: master
  sha: 8a1623c3fc1010d99f913346a681110eb932d158
  specs:
    jkyle (0.0.0)

GIT
  remote: https://github.com/jameskyle/ansible-kubernetes
  ref: master
  sha: 6639be25e1127d570ccf275b8d132859be4038dc
  specs:
    kubernetes (0.0.0)

DEPENDENCIES
  common (>= 0)
  docker (>= 0)
  gentoo (>= 0)
  jkyle (>= 0)
  kubernetes (>= 0)

